// !$*UTF8*$!
{
	archiveVersion = 1;
	classes = {
	};
	objectVersion = 46;
	objects = {

/* Begin PBXBuildFile section */
		391596E01E8CBAA900FDD6F5 /* main.m in Sources */ = {isa = PBXBuildFile; fileRef = 391596DF1E8CBAA900FDD6F5 /* main.m */; };
		391597021E8CDD1D00FDD6F5 /* SetNotificationsPermission.m in Sources */ = {isa = PBXBuildFile; fileRef = 391597011E8CDD1D00FDD6F5 /* SetNotificationsPermission.m */; };
		391EBF311E911CAA0009AACD /* SetServicePermission.m in Sources */ = {isa = PBXBuildFile; fileRef = 391EBF301E911CAA0009AACD /* SetServicePermission.m */; };
		391EBF351E91211F0009AACD /* JPSimulatorHacksDB.m in Sources */ = {isa = PBXBuildFile; fileRef = 391EBF341E91211F0009AACD /* JPSimulatorHacksDB.m */; };
		391EBF381E91212B0009AACD /* libsqlite3.tbd in Frameworks */ = {isa = PBXBuildFile; fileRef = 391EBF371E91212B0009AACD /* libsqlite3.tbd */; };
		393510391FCB9972001FB466 /* LNOptionsParser.m in Sources */ = {isa = PBXBuildFile; fileRef = 393510361FCB9972001FB466 /* LNOptionsParser.m */; };
		3935103A1FCB9972001FB466 /* LNLog.m in Sources */ = {isa = PBXBuildFile; fileRef = 393510381FCB9972001FB466 /* LNLog.m */; };
		393510451FCB9A1E001FB466 /* GBSettings.m in Sources */ = {isa = PBXBuildFile; fileRef = 3935103E1FCB9A1E001FB466 /* GBSettings.m */; };
		393510461FCB9A1E001FB466 /* GBOptionsHelper.m in Sources */ = {isa = PBXBuildFile; fileRef = 3935103F1FCB9A1E001FB466 /* GBOptionsHelper.m */; };
		393510471FCB9A1E001FB466 /* GBCommandLineParser.m in Sources */ = {isa = PBXBuildFile; fileRef = 393510401FCB9A1E001FB466 /* GBCommandLineParser.m */; };
		393510481FCB9A1E001FB466 /* GBPrint.m in Sources */ = {isa = PBXBuildFile; fileRef = 393510431FCB9A1E001FB466 /* GBPrint.m */; };
		395046D51EA725FF00557294 /* SetLocationPermission.m in Sources */ = {isa = PBXBuildFile; fileRef = 395046D41EA725FF00557294 /* SetLocationPermission.m */; };
		395046D81EA72F1000557294 /* SimUtils.m in Sources */ = {isa = PBXBuildFile; fileRef = 395046D71EA72F1000557294 /* SimUtils.m */; };
		39676AD61F94BE4100018548 /* ClearKeychain.m in Sources */ = {isa = PBXBuildFile; fileRef = 39676AD51F94BE4100018548 /* ClearKeychain.m */; };
		498131CF2162307000908CBA /* AppDelegate.m in Sources */ = {isa = PBXBuildFile; fileRef = 498131CE2162307000908CBA /* AppDelegate.m */; };
		498131D22162307000908CBA /* ViewController.m in Sources */ = {isa = PBXBuildFile; fileRef = 498131D12162307000908CBA /* ViewController.m */; };
		498131D52162307000908CBA /* Main.storyboard in Resources */ = {isa = PBXBuildFile; fileRef = 498131D32162307000908CBA /* Main.storyboard */; };
		498131D72162307100908CBA /* Assets.xcassets in Resources */ = {isa = PBXBuildFile; fileRef = 498131D62162307100908CBA /* Assets.xcassets */; };
		498131DA2162307100908CBA /* LaunchScreen.storyboard in Resources */ = {isa = PBXBuildFile; fileRef = 498131D82162307100908CBA /* LaunchScreen.storyboard */; };
		498131DD2162307100908CBA /* main.m in Sources */ = {isa = PBXBuildFile; fileRef = 498131DC2162307100908CBA /* main.m */; };
/* End PBXBuildFile section */

/* Begin PBXCopyFilesBuildPhase section */
		391596DA1E8CBAA900FDD6F5 /* CopyFiles */ = {
			isa = PBXCopyFilesBuildPhase;
			buildActionMask = 2147483647;
			dstPath = /usr/share/man/man1/;
			dstSubfolderSpec = 0;
			files = (
			);
			runOnlyForDeploymentPostprocessing = 1;
		};
/* End PBXCopyFilesBuildPhase section */

/* Begin PBXFileReference section */
		391596DC1E8CBAA900FDD6F5 /* applesimutils */ = {isa = PBXFileReference; explicitFileType = "compiled.mach-o.executable"; includeInIndex = 0; path = applesimutils; sourceTree = BUILT_PRODUCTS_DIR; };
		391596DF1E8CBAA900FDD6F5 /* main.m */ = {isa = PBXFileReference; lastKnownFileType = sourcecode.c.objc; path = main.m; sourceTree = "<group>"; };
		391597001E8CDD1D00FDD6F5 /* SetNotificationsPermission.h */ = {isa = PBXFileReference; fileEncoding = 4; lastKnownFileType = sourcecode.c.h; path = SetNotificationsPermission.h; sourceTree = "<group>"; };
		391597011E8CDD1D00FDD6F5 /* SetNotificationsPermission.m */ = {isa = PBXFileReference; fileEncoding = 4; lastKnownFileType = sourcecode.c.objc; path = SetNotificationsPermission.m; sourceTree = "<group>"; };
		391EBF2F1E911CAA0009AACD /* SetServicePermission.h */ = {isa = PBXFileReference; fileEncoding = 4; lastKnownFileType = sourcecode.c.h; path = SetServicePermission.h; sourceTree = "<group>"; };
		391EBF301E911CAA0009AACD /* SetServicePermission.m */ = {isa = PBXFileReference; fileEncoding = 4; lastKnownFileType = sourcecode.c.objc; path = SetServicePermission.m; sourceTree = "<group>"; };
		391EBF331E91211F0009AACD /* JPSimulatorHacksDB.h */ = {isa = PBXFileReference; fileEncoding = 4; lastKnownFileType = sourcecode.c.h; path = JPSimulatorHacksDB.h; sourceTree = "<group>"; };
		391EBF341E91211F0009AACD /* JPSimulatorHacksDB.m */ = {isa = PBXFileReference; fileEncoding = 4; lastKnownFileType = sourcecode.c.objc; path = JPSimulatorHacksDB.m; sourceTree = "<group>"; };
		391EBF371E91212B0009AACD /* libsqlite3.tbd */ = {isa = PBXFileReference; lastKnownFileType = "sourcecode.text-based-dylib-definition"; name = libsqlite3.tbd; path = usr/lib/libsqlite3.tbd; sourceTree = SDKROOT; };
		393510351FCB9972001FB466 /* LNOptionsParser.h */ = {isa = PBXFileReference; fileEncoding = 4; lastKnownFileType = sourcecode.c.h; name = LNOptionsParser.h; path = ../../ObjCCLIInfra/LNOptionsParser.h; sourceTree = "<group>"; };
		393510361FCB9972001FB466 /* LNOptionsParser.m */ = {isa = PBXFileReference; fileEncoding = 4; lastKnownFileType = sourcecode.c.objc; name = LNOptionsParser.m; path = ../../ObjCCLIInfra/LNOptionsParser.m; sourceTree = "<group>"; };
		393510371FCB9972001FB466 /* LNLog.h */ = {isa = PBXFileReference; fileEncoding = 4; lastKnownFileType = sourcecode.c.h; name = LNLog.h; path = ../../ObjCCLIInfra/LNLog.h; sourceTree = "<group>"; };
		393510381FCB9972001FB466 /* LNLog.m */ = {isa = PBXFileReference; fileEncoding = 4; lastKnownFileType = sourcecode.c.objc; name = LNLog.m; path = ../../ObjCCLIInfra/LNLog.m; sourceTree = "<group>"; };
		3935103C1FCB9A1E001FB466 /* GBPrint.h */ = {isa = PBXFileReference; fileEncoding = 4; lastKnownFileType = sourcecode.c.h; name = GBPrint.h; path = ../../ObjCCLIInfra/GBCli/GBCli/src/GBPrint.h; sourceTree = "<group>"; };
		3935103D1FCB9A1E001FB466 /* GBCommandLineParser.h */ = {isa = PBXFileReference; fileEncoding = 4; lastKnownFileType = sourcecode.c.h; name = GBCommandLineParser.h; path = ../../ObjCCLIInfra/GBCli/GBCli/src/GBCommandLineParser.h; sourceTree = "<group>"; };
		3935103E1FCB9A1E001FB466 /* GBSettings.m */ = {isa = PBXFileReference; fileEncoding = 4; lastKnownFileType = sourcecode.c.objc; name = GBSettings.m; path = ../../ObjCCLIInfra/GBCli/GBCli/src/GBSettings.m; sourceTree = "<group>"; };
		3935103F1FCB9A1E001FB466 /* GBOptionsHelper.m */ = {isa = PBXFileReference; fileEncoding = 4; lastKnownFileType = sourcecode.c.objc; name = GBOptionsHelper.m; path = ../../ObjCCLIInfra/GBCli/GBCli/src/GBOptionsHelper.m; sourceTree = "<group>"; };
		393510401FCB9A1E001FB466 /* GBCommandLineParser.m */ = {isa = PBXFileReference; fileEncoding = 4; lastKnownFileType = sourcecode.c.objc; name = GBCommandLineParser.m; path = ../../ObjCCLIInfra/GBCli/GBCli/src/GBCommandLineParser.m; sourceTree = "<group>"; };
		393510411FCB9A1E001FB466 /* GBCli.h */ = {isa = PBXFileReference; fileEncoding = 4; lastKnownFileType = sourcecode.c.h; name = GBCli.h; path = ../../ObjCCLIInfra/GBCli/GBCli/src/GBCli.h; sourceTree = "<group>"; };
		393510421FCB9A1E001FB466 /* GBOptionsHelper.h */ = {isa = PBXFileReference; fileEncoding = 4; lastKnownFileType = sourcecode.c.h; name = GBOptionsHelper.h; path = ../../ObjCCLIInfra/GBCli/GBCli/src/GBOptionsHelper.h; sourceTree = "<group>"; };
		393510431FCB9A1E001FB466 /* GBPrint.m */ = {isa = PBXFileReference; fileEncoding = 4; lastKnownFileType = sourcecode.c.objc; name = GBPrint.m; path = ../../ObjCCLIInfra/GBCli/GBCli/src/GBPrint.m; sourceTree = "<group>"; };
		393510441FCB9A1E001FB466 /* GBSettings.h */ = {isa = PBXFileReference; fileEncoding = 4; lastKnownFileType = sourcecode.c.h; name = GBSettings.h; path = ../../ObjCCLIInfra/GBCli/GBCli/src/GBSettings.h; sourceTree = "<group>"; };
		395046D31EA725FF00557294 /* SetLocationPermission.h */ = {isa = PBXFileReference; fileEncoding = 4; lastKnownFileType = sourcecode.c.h; path = SetLocationPermission.h; sourceTree = "<group>"; };
		395046D41EA725FF00557294 /* SetLocationPermission.m */ = {isa = PBXFileReference; fileEncoding = 4; lastKnownFileType = sourcecode.c.objc; path = SetLocationPermission.m; sourceTree = "<group>"; };
		395046D61EA72F1000557294 /* SimUtils.h */ = {isa = PBXFileReference; fileEncoding = 4; lastKnownFileType = sourcecode.c.h; path = SimUtils.h; sourceTree = "<group>"; };
		395046D71EA72F1000557294 /* SimUtils.m */ = {isa = PBXFileReference; fileEncoding = 4; lastKnownFileType = sourcecode.c.objc; path = SimUtils.m; sourceTree = "<group>"; };
		39676AD41F94BE4100018548 /* ClearKeychain.h */ = {isa = PBXFileReference; lastKnownFileType = sourcecode.c.h; path = ClearKeychain.h; sourceTree = "<group>"; };
		39676AD51F94BE4100018548 /* ClearKeychain.m */ = {isa = PBXFileReference; lastKnownFileType = sourcecode.c.objc; path = ClearKeychain.m; sourceTree = "<group>"; };
		39FE99C31F8A6B17006DF8EF /* version.h */ = {isa = PBXFileReference; lastKnownFileType = sourcecode.c.h; path = version.h; sourceTree = "<group>"; };
		498131CB2162307000908CBA /* TestAccessApplication.app */ = {isa = PBXFileReference; explicitFileType = wrapper.application; includeInIndex = 0; path = TestAccessApplication.app; sourceTree = BUILT_PRODUCTS_DIR; };
		498131CD2162307000908CBA /* AppDelegate.h */ = {isa = PBXFileReference; lastKnownFileType = sourcecode.c.h; path = AppDelegate.h; sourceTree = "<group>"; };
		498131CE2162307000908CBA /* AppDelegate.m */ = {isa = PBXFileReference; lastKnownFileType = sourcecode.c.objc; path = AppDelegate.m; sourceTree = "<group>"; };
		498131D02162307000908CBA /* ViewController.h */ = {isa = PBXFileReference; lastKnownFileType = sourcecode.c.h; path = ViewController.h; sourceTree = "<group>"; };
		498131D12162307000908CBA /* ViewController.m */ = {isa = PBXFileReference; lastKnownFileType = sourcecode.c.objc; path = ViewController.m; sourceTree = "<group>"; };
		498131D42162307000908CBA /* Base */ = {isa = PBXFileReference; lastKnownFileType = file.storyboard; name = Base; path = Base.lproj/Main.storyboard; sourceTree = "<group>"; };
		498131D62162307100908CBA /* Assets.xcassets */ = {isa = PBXFileReference; lastKnownFileType = folder.assetcatalog; path = Assets.xcassets; sourceTree = "<group>"; };
		498131D92162307100908CBA /* Base */ = {isa = PBXFileReference; lastKnownFileType = file.storyboard; name = Base; path = Base.lproj/LaunchScreen.storyboard; sourceTree = "<group>"; };
		498131DB2162307100908CBA /* Info.plist */ = {isa = PBXFileReference; lastKnownFileType = text.plist.xml; path = Info.plist; sourceTree = "<group>"; };
		498131DC2162307100908CBA /* main.m */ = {isa = PBXFileReference; lastKnownFileType = sourcecode.c.objc; path = main.m; sourceTree = "<group>"; };
/* End PBXFileReference section */

/* Begin PBXFrameworksBuildPhase section */
		391596D91E8CBAA900FDD6F5 /* Frameworks */ = {
			isa = PBXFrameworksBuildPhase;
			buildActionMask = 2147483647;
			files = (
				391EBF381E91212B0009AACD /* libsqlite3.tbd in Frameworks */,
			);
			runOnlyForDeploymentPostprocessing = 0;
		};
		498131C82162307000908CBA /* Frameworks */ = {
			isa = PBXFrameworksBuildPhase;
			buildActionMask = 2147483647;
			files = (
			);
			runOnlyForDeploymentPostprocessing = 0;
		};
/* End PBXFrameworksBuildPhase section */

/* Begin PBXGroup section */
		391596D31E8CBAA900FDD6F5 = {
			isa = PBXGroup;
			children = (
				391596DE1E8CBAA900FDD6F5 /* applesimutils */,
				498131CC2162307000908CBA /* TestAccessApplication */,
				391596DD1E8CBAA900FDD6F5 /* Products */,
				391EBF361E91212B0009AACD /* Frameworks */,
			);
			sourceTree = "<group>";
		};
		391596DD1E8CBAA900FDD6F5 /* Products */ = {
			isa = PBXGroup;
			children = (
				391596DC1E8CBAA900FDD6F5 /* applesimutils */,
				498131CB2162307000908CBA /* TestAccessApplication.app */,
			);
			name = Products;
			sourceTree = "<group>";
		};
		391596DE1E8CBAA900FDD6F5 /* applesimutils */ = {
			isa = PBXGroup;
			children = (
				391596FF1E8CDD0500FDD6F5 /* Handlers */,
				3935103B1FCB9A0D001FB466 /* GBCli */,
				393510371FCB9972001FB466 /* LNLog.h */,
				393510381FCB9972001FB466 /* LNLog.m */,
				393510351FCB9972001FB466 /* LNOptionsParser.h */,
				393510361FCB9972001FB466 /* LNOptionsParser.m */,
				391596DF1E8CBAA900FDD6F5 /* main.m */,
				39FE99C31F8A6B17006DF8EF /* version.h */,
			);
			path = applesimutils;
			sourceTree = "<group>";
		};
		391596FF1E8CDD0500FDD6F5 /* Handlers */ = {
			isa = PBXGroup;
			children = (
				391EBF321E9121150009AACD /* JP */,
				395046D61EA72F1000557294 /* SimUtils.h */,
				395046D71EA72F1000557294 /* SimUtils.m */,
				391597001E8CDD1D00FDD6F5 /* SetNotificationsPermission.h */,
				391597011E8CDD1D00FDD6F5 /* SetNotificationsPermission.m */,
				391EBF2F1E911CAA0009AACD /* SetServicePermission.h */,
				391EBF301E911CAA0009AACD /* SetServicePermission.m */,
				395046D31EA725FF00557294 /* SetLocationPermission.h */,
				395046D41EA725FF00557294 /* SetLocationPermission.m */,
				39676AD41F94BE4100018548 /* ClearKeychain.h */,
				39676AD51F94BE4100018548 /* ClearKeychain.m */,
			);
			name = Handlers;
			sourceTree = "<group>";
		};
		391EBF321E9121150009AACD /* JP */ = {
			isa = PBXGroup;
			children = (
				391EBF331E91211F0009AACD /* JPSimulatorHacksDB.h */,
				391EBF341E91211F0009AACD /* JPSimulatorHacksDB.m */,
			);
			name = JP;
			sourceTree = "<group>";
		};
		391EBF361E91212B0009AACD /* Frameworks */ = {
			isa = PBXGroup;
			children = (
				391EBF371E91212B0009AACD /* libsqlite3.tbd */,
			);
			name = Frameworks;
			sourceTree = "<group>";
		};
		3935103B1FCB9A0D001FB466 /* GBCli */ = {
			isa = PBXGroup;
			children = (
				393510411FCB9A1E001FB466 /* GBCli.h */,
				3935103D1FCB9A1E001FB466 /* GBCommandLineParser.h */,
				393510401FCB9A1E001FB466 /* GBCommandLineParser.m */,
				393510421FCB9A1E001FB466 /* GBOptionsHelper.h */,
				3935103F1FCB9A1E001FB466 /* GBOptionsHelper.m */,
				3935103C1FCB9A1E001FB466 /* GBPrint.h */,
				393510431FCB9A1E001FB466 /* GBPrint.m */,
				393510441FCB9A1E001FB466 /* GBSettings.h */,
				3935103E1FCB9A1E001FB466 /* GBSettings.m */,
			);
			name = GBCli;
			sourceTree = "<group>";
		};
		498131CC2162307000908CBA /* TestAccessApplication */ = {
			isa = PBXGroup;
			children = (
				498131CD2162307000908CBA /* AppDelegate.h */,
				498131CE2162307000908CBA /* AppDelegate.m */,
				498131D02162307000908CBA /* ViewController.h */,
				498131D12162307000908CBA /* ViewController.m */,
				498131D32162307000908CBA /* Main.storyboard */,
				498131D62162307100908CBA /* Assets.xcassets */,
				498131D82162307100908CBA /* LaunchScreen.storyboard */,
				498131DB2162307100908CBA /* Info.plist */,
				498131DC2162307100908CBA /* main.m */,
			);
			path = TestAccessApplication;
			sourceTree = "<group>";
		};
/* End PBXGroup section */

/* Begin PBXNativeTarget section */
		391596DB1E8CBAA900FDD6F5 /* applesimutils */ = {
			isa = PBXNativeTarget;
			buildConfigurationList = 391596E31E8CBAA900FDD6F5 /* Build configuration list for PBXNativeTarget "applesimutils" */;
			buildPhases = (
				391596D81E8CBAA900FDD6F5 /* Sources */,
				391596D91E8CBAA900FDD6F5 /* Frameworks */,
				391596DA1E8CBAA900FDD6F5 /* CopyFiles */,
			);
			buildRules = (
			);
			dependencies = (
			);
			name = applesimutils;
			productName = applesimutils;
			productReference = 391596DC1E8CBAA900FDD6F5 /* applesimutils */;
			productType = "com.apple.product-type.tool";
		};
		498131CA2162307000908CBA /* TestAccessApplication */ = {
			isa = PBXNativeTarget;
			buildConfigurationList = 498131E02162307100908CBA /* Build configuration list for PBXNativeTarget "TestAccessApplication" */;
			buildPhases = (
				498131C72162307000908CBA /* Sources */,
				498131C82162307000908CBA /* Frameworks */,
				498131C92162307000908CBA /* Resources */,
			);
			buildRules = (
			);
			dependencies = (
			);
			name = TestAccessApplication;
			productName = TestAccessApplication;
			productReference = 498131CB2162307000908CBA /* TestAccessApplication.app */;
			productType = "com.apple.product-type.application";
		};
/* End PBXNativeTarget section */

/* Begin PBXProject section */
		391596D41E8CBAA900FDD6F5 /* Project object */ = {
			isa = PBXProject;
			attributes = {
				LastUpgradeCheck = 0900;
				ORGANIZATIONNAME = Wix;
				TargetAttributes = {
					391596DB1E8CBAA900FDD6F5 = {
						CreatedOnToolsVersion = 8.3;
						ProvisioningStyle = Automatic;
					};
					498131CA2162307000908CBA = {
						CreatedOnToolsVersion = 10.0;
						DevelopmentTeam = 25WDLLAK34;
						ProvisioningStyle = Automatic;
					};
				};
			};
			buildConfigurationList = 391596D71E8CBAA900FDD6F5 /* Build configuration list for PBXProject "applesimutils" */;
			compatibilityVersion = "Xcode 3.2";
			developmentRegion = English;
			hasScannedForEncodings = 0;
			knownRegions = (
				en,
				Base,
			);
			mainGroup = 391596D31E8CBAA900FDD6F5;
			productRefGroup = 391596DD1E8CBAA900FDD6F5 /* Products */;
			projectDirPath = "";
			projectRoot = "";
			targets = (
				391596DB1E8CBAA900FDD6F5 /* applesimutils */,
				498131CA2162307000908CBA /* TestAccessApplication */,
			);
		};
/* End PBXProject section */

/* Begin PBXResourcesBuildPhase section */
		498131C92162307000908CBA /* Resources */ = {
			isa = PBXResourcesBuildPhase;
			buildActionMask = 2147483647;
			files = (
				498131DA2162307100908CBA /* LaunchScreen.storyboard in Resources */,
				498131D72162307100908CBA /* Assets.xcassets in Resources */,
				498131D52162307000908CBA /* Main.storyboard in Resources */,
			);
			runOnlyForDeploymentPostprocessing = 0;
		};
/* End PBXResourcesBuildPhase section */

/* Begin PBXSourcesBuildPhase section */
		391596D81E8CBAA900FDD6F5 /* Sources */ = {
			isa = PBXSourcesBuildPhase;
			buildActionMask = 2147483647;
			files = (
				3935103A1FCB9972001FB466 /* LNLog.m in Sources */,
				393510471FCB9A1E001FB466 /* GBCommandLineParser.m in Sources */,
				393510451FCB9A1E001FB466 /* GBSettings.m in Sources */,
				395046D51EA725FF00557294 /* SetLocationPermission.m in Sources */,
				393510461FCB9A1E001FB466 /* GBOptionsHelper.m in Sources */,
				391EBF311E911CAA0009AACD /* SetServicePermission.m in Sources */,
				393510481FCB9A1E001FB466 /* GBPrint.m in Sources */,
				391EBF351E91211F0009AACD /* JPSimulatorHacksDB.m in Sources */,
				39676AD61F94BE4100018548 /* ClearKeychain.m in Sources */,
				391596E01E8CBAA900FDD6F5 /* main.m in Sources */,
				395046D81EA72F1000557294 /* SimUtils.m in Sources */,
				391597021E8CDD1D00FDD6F5 /* SetNotificationsPermission.m in Sources */,
				393510391FCB9972001FB466 /* LNOptionsParser.m in Sources */,
			);
			runOnlyForDeploymentPostprocessing = 0;
		};
		498131C72162307000908CBA /* Sources */ = {
			isa = PBXSourcesBuildPhase;
			buildActionMask = 2147483647;
			files = (
				498131D22162307000908CBA /* ViewController.m in Sources */,
				498131DD2162307100908CBA /* main.m in Sources */,
				498131CF2162307000908CBA /* AppDelegate.m in Sources */,
			);
			runOnlyForDeploymentPostprocessing = 0;
		};
/* End PBXSourcesBuildPhase section */

/* Begin PBXVariantGroup section */
		498131D32162307000908CBA /* Main.storyboard */ = {
			isa = PBXVariantGroup;
			children = (
				498131D42162307000908CBA /* Base */,
			);
			name = Main.storyboard;
			sourceTree = "<group>";
		};
		498131D82162307100908CBA /* LaunchScreen.storyboard */ = {
			isa = PBXVariantGroup;
			children = (
				498131D92162307100908CBA /* Base */,
			);
			name = LaunchScreen.storyboard;
			sourceTree = "<group>";
		};
/* End PBXVariantGroup section */

/* Begin XCBuildConfiguration section */
		391596E11E8CBAA900FDD6F5 /* Debug */ = {
			isa = XCBuildConfiguration;
			buildSettings = {
				ALWAYS_SEARCH_USER_PATHS = NO;
				CLANG_ANALYZER_NONNULL = YES;
				CLANG_ANALYZER_NUMBER_OBJECT_CONVERSION = YES_AGGRESSIVE;
				CLANG_CXX_LANGUAGE_STANDARD = "gnu++0x";
				CLANG_CXX_LIBRARY = "libc++";
				CLANG_ENABLE_MODULES = YES;
				CLANG_ENABLE_OBJC_ARC = YES;
				CLANG_WARN_BLOCK_CAPTURE_AUTORELEASING = YES;
				CLANG_WARN_BOOL_CONVERSION = YES;
				CLANG_WARN_COMMA = YES;
				CLANG_WARN_CONSTANT_CONVERSION = YES;
				CLANG_WARN_DIRECT_OBJC_ISA_USAGE = YES_ERROR;
				CLANG_WARN_DOCUMENTATION_COMMENTS = YES;
				CLANG_WARN_EMPTY_BODY = YES;
				CLANG_WARN_ENUM_CONVERSION = YES;
				CLANG_WARN_INFINITE_RECURSION = YES;
				CLANG_WARN_INT_CONVERSION = YES;
				CLANG_WARN_NON_LITERAL_NULL_CONVERSION = YES;
				CLANG_WARN_OBJC_LITERAL_CONVERSION = YES;
				CLANG_WARN_OBJC_ROOT_CLASS = YES_ERROR;
				CLANG_WARN_RANGE_LOOP_ANALYSIS = YES;
				CLANG_WARN_STRICT_PROTOTYPES = YES;
				CLANG_WARN_SUSPICIOUS_MOVE = YES;
				CLANG_WARN_UNREACHABLE_CODE = YES;
				CLANG_WARN__DUPLICATE_METHOD_MATCH = YES;
				CODE_SIGN_IDENTITY = "-";
				COPY_PHASE_STRIP = NO;
				DEBUG_INFORMATION_FORMAT = dwarf;
				ENABLE_STRICT_OBJC_MSGSEND = YES;
				ENABLE_TESTABILITY = YES;
				GCC_C_LANGUAGE_STANDARD = gnu99;
				GCC_DYNAMIC_NO_PIC = NO;
				GCC_NO_COMMON_BLOCKS = YES;
				GCC_OPTIMIZATION_LEVEL = 0;
				GCC_PREPROCESSOR_DEFINITIONS = (
					"DEBUG=1",
					"$(inherited)",
				);
				GCC_WARN_64_TO_32_BIT_CONVERSION = YES;
				GCC_WARN_ABOUT_RETURN_TYPE = YES_ERROR;
				GCC_WARN_UNDECLARED_SELECTOR = YES;
				GCC_WARN_UNINITIALIZED_AUTOS = YES_AGGRESSIVE;
				GCC_WARN_UNUSED_FUNCTION = YES;
				GCC_WARN_UNUSED_VARIABLE = YES;
				MACOSX_DEPLOYMENT_TARGET = 10.12;
				MTL_ENABLE_DEBUG_INFO = YES;
				ONLY_ACTIVE_ARCH = YES;
				SDKROOT = macosx;
			};
			name = Debug;
		};
		391596E21E8CBAA900FDD6F5 /* Release */ = {
			isa = XCBuildConfiguration;
			buildSettings = {
				ALWAYS_SEARCH_USER_PATHS = NO;
				CLANG_ANALYZER_NONNULL = YES;
				CLANG_ANALYZER_NUMBER_OBJECT_CONVERSION = YES_AGGRESSIVE;
				CLANG_CXX_LANGUAGE_STANDARD = "gnu++0x";
				CLANG_CXX_LIBRARY = "libc++";
				CLANG_ENABLE_MODULES = YES;
				CLANG_ENABLE_OBJC_ARC = YES;
				CLANG_WARN_BLOCK_CAPTURE_AUTORELEASING = YES;
				CLANG_WARN_BOOL_CONVERSION = YES;
				CLANG_WARN_COMMA = YES;
				CLANG_WARN_CONSTANT_CONVERSION = YES;
				CLANG_WARN_DIRECT_OBJC_ISA_USAGE = YES_ERROR;
				CLANG_WARN_DOCUMENTATION_COMMENTS = YES;
				CLANG_WARN_EMPTY_BODY = YES;
				CLANG_WARN_ENUM_CONVERSION = YES;
				CLANG_WARN_INFINITE_RECURSION = YES;
				CLANG_WARN_INT_CONVERSION = YES;
				CLANG_WARN_NON_LITERAL_NULL_CONVERSION = YES;
				CLANG_WARN_OBJC_LITERAL_CONVERSION = YES;
				CLANG_WARN_OBJC_ROOT_CLASS = YES_ERROR;
				CLANG_WARN_RANGE_LOOP_ANALYSIS = YES;
				CLANG_WARN_STRICT_PROTOTYPES = YES;
				CLANG_WARN_SUSPICIOUS_MOVE = YES;
				CLANG_WARN_UNREACHABLE_CODE = YES;
				CLANG_WARN__DUPLICATE_METHOD_MATCH = YES;
				CODE_SIGN_IDENTITY = "-";
				COPY_PHASE_STRIP = NO;
				DEBUG_INFORMATION_FORMAT = "dwarf-with-dsym";
				ENABLE_NS_ASSERTIONS = NO;
				ENABLE_STRICT_OBJC_MSGSEND = YES;
				GCC_C_LANGUAGE_STANDARD = gnu99;
				GCC_NO_COMMON_BLOCKS = YES;
				GCC_WARN_64_TO_32_BIT_CONVERSION = YES;
				GCC_WARN_ABOUT_RETURN_TYPE = YES_ERROR;
				GCC_WARN_UNDECLARED_SELECTOR = YES;
				GCC_WARN_UNINITIALIZED_AUTOS = YES_AGGRESSIVE;
				GCC_WARN_UNUSED_FUNCTION = YES;
				GCC_WARN_UNUSED_VARIABLE = YES;
				MACOSX_DEPLOYMENT_TARGET = 10.12;
				MTL_ENABLE_DEBUG_INFO = NO;
				SDKROOT = macosx;
			};
			name = Release;
		};
		391596E41E8CBAA900FDD6F5 /* Debug */ = {
			isa = XCBuildConfiguration;
			buildSettings = {
				GCC_C_LANGUAGE_STANDARD = "compiler-default";
				GCC_TREAT_WARNINGS_AS_ERRORS = YES;
				MACOSX_DEPLOYMENT_TARGET = 10.11;
				PRODUCT_NAME = "$(TARGET_NAME)";
			};
			name = Debug;
		};
		391596E51E8CBAA900FDD6F5 /* Release */ = {
			isa = XCBuildConfiguration;
			buildSettings = {
				GCC_C_LANGUAGE_STANDARD = "compiler-default";
				GCC_TREAT_WARNINGS_AS_ERRORS = YES;
				MACOSX_DEPLOYMENT_TARGET = 10.11;
				PRODUCT_NAME = "$(TARGET_NAME)";
			};
			name = Release;
		};
		498131DE2162307100908CBA /* Debug */ = {
			isa = XCBuildConfiguration;
			buildSettings = {
				ASSETCATALOG_COMPILER_APPICON_NAME = AppIcon;
				CLANG_CXX_LANGUAGE_STANDARD = "gnu++14";
				CLANG_ENABLE_OBJC_WEAK = YES;
				CLANG_WARN_DEPRECATED_OBJC_IMPLEMENTATIONS = YES;
				CLANG_WARN_OBJC_IMPLICIT_RETAIN_SELF = YES;
				CLANG_WARN_UNGUARDED_AVAILABILITY = YES_AGGRESSIVE;
				CODE_SIGN_IDENTITY = "iPhone Developer";
				CODE_SIGN_STYLE = Automatic;
				DEVELOPMENT_TEAM = 25WDLLAK34;
				GCC_C_LANGUAGE_STANDARD = gnu11;
				INFOPLIST_FILE = TestAccessApplication/Info.plist;
				IPHONEOS_DEPLOYMENT_TARGET = 12.0;
				LD_RUNPATH_SEARCH_PATHS = "$(inherited) @executable_path/Frameworks";
				MTL_ENABLE_DEBUG_INFO = INCLUDE_SOURCE;
				MTL_FAST_MATH = YES;
				PRODUCT_BUNDLE_IDENTIFIER = com.rav.TestAccessApplication;
				PRODUCT_NAME = "$(TARGET_NAME)";
				SDKROOT = iphoneos;
				TARGETED_DEVICE_FAMILY = "1,2";
			};
			name = Debug;
		};
		498131DF2162307100908CBA /* Release */ = {
			isa = XCBuildConfiguration;
			buildSettings = {
				ASSETCATALOG_COMPILER_APPICON_NAME = AppIcon;
				CLANG_CXX_LANGUAGE_STANDARD = "gnu++14";
				CLANG_ENABLE_OBJC_WEAK = YES;
				CLANG_WARN_DEPRECATED_OBJC_IMPLEMENTATIONS = YES;
				CLANG_WARN_OBJC_IMPLICIT_RETAIN_SELF = YES;
				CLANG_WARN_UNGUARDED_AVAILABILITY = YES_AGGRESSIVE;
				CODE_SIGN_IDENTITY = "iPhone Developer";
				CODE_SIGN_STYLE = Automatic;
				DEVELOPMENT_TEAM = 25WDLLAK34;
				GCC_C_LANGUAGE_STANDARD = gnu11;
				INFOPLIST_FILE = TestAccessApplication/Info.plist;
				IPHONEOS_DEPLOYMENT_TARGET = 12.0;
				LD_RUNPATH_SEARCH_PATHS = "$(inherited) @executable_path/Frameworks";
				MTL_FAST_MATH = YES;
				PRODUCT_BUNDLE_IDENTIFIER = com.rav.TestAccessApplication;
				PRODUCT_NAME = "$(TARGET_NAME)";
				SDKROOT = iphoneos;
				TARGETED_DEVICE_FAMILY = "1,2";
				VALIDATE_PRODUCT = YES;
			};
			name = Release;
		};
/* End XCBuildConfiguration section */

/* Begin XCConfigurationList section */
		391596D71E8CBAA900FDD6F5 /* Build configuration list for PBXProject "applesimutils" */ = {
			isa = XCConfigurationList;
			buildConfigurations = (
				391596E11E8CBAA900FDD6F5 /* Debug */,
				391596E21E8CBAA900FDD6F5 /* Release */,
			);
			defaultConfigurationIsVisible = 0;
			defaultConfigurationName = Release;
		};
		391596E31E8CBAA900FDD6F5 /* Build configuration list for PBXNativeTarget "applesimutils" */ = {
			isa = XCConfigurationList;
			buildConfigurations = (
				391596E41E8CBAA900FDD6F5 /* Debug */,
				391596E51E8CBAA900FDD6F5 /* Release */,
			);
			defaultConfigurationIsVisible = 0;
			defaultConfigurationName = Release;
		};
		498131E02162307100908CBA /* Build configuration list for PBXNativeTarget "TestAccessApplication" */ = {
			isa = XCConfigurationList;
			buildConfigurations = (
				498131DE2162307100908CBA /* Debug */,
				498131DF2162307100908CBA /* Release */,
			);
			defaultConfigurationIsVisible = 0;
			defaultConfigurationName = Release;
		};
/* End XCConfigurationList section */
	};
	rootObject = 391596D41E8CBAA900FDD6F5 /* Project object */;
}
