// !$*UTF8*$!
{
	archiveVersion = 1;
	classes = {
	};
	objectVersion = 50;
	objects = {

/* Begin PBXBuildFile section */
		39DABBA921BD1784002653EE /* AppDelegate.m in Sources */ = {isa = PBXBuildFile; fileRef = 39DABBA821BD1784002653EE /* AppDelegate.m */; };
		39DABBAC21BD1784002653EE /* ViewController.m in Sources */ = {isa = PBXBuildFile; fileRef = 39DABBAB21BD1784002653EE /* ViewController.m */; };
		39DABBAF21BD1784002653EE /* Main.storyboard in Resources */ = {isa = PBXBuildFile; fileRef = 39DABBAD21BD1784002653EE /* Main.storyboard */; };
		39DABBB121BD1786002653EE /* Assets.xcassets in Resources */ = {isa = PBXBuildFile; fileRef = 39DABBB021BD1786002653EE /* Assets.xcassets */; };
		39DABBB421BD1786002653EE /* LaunchScreen.storyboard in Resources */ = {isa = PBXBuildFile; fileRef = 39DABBB221BD1786002653EE /* LaunchScreen.storyboard */; };
		39DABBB721BD1786002653EE /* main.m in Sources */ = {isa = PBXBuildFile; fileRef = 39DABBB621BD1786002653EE /* main.m */; };
/* End PBXBuildFile section */

/* Begin PBXFileReference section */
		39DABBA421BD1784002653EE /* PermissionsTest.app */ = {isa = PBXFileReference; explicitFileType = wrapper.application; includeInIndex = 0; path = PermissionsTest.app; sourceTree = BUILT_PRODUCTS_DIR; };
		39DABBA721BD1784002653EE /* AppDelegate.h */ = {isa = PBXFileReference; lastKnownFileType = sourcecode.c.h; path = AppDelegate.h; sourceTree = "<group>"; };
		39DABBA821BD1784002653EE /* AppDelegate.m */ = {isa = PBXFileReference; lastKnownFileType = sourcecode.c.objc; path = AppDelegate.m; sourceTree = "<group>"; };
		39DABBAA21BD1784002653EE /* ViewController.h */ = {isa = PBXFileReference; lastKnownFileType = sourcecode.c.h; path = ViewController.h; sourceTree = "<group>"; };
		39DABBAB21BD1784002653EE /* ViewController.m */ = {isa = PBXFileReference; lastKnownFileType = sourcecode.c.objc; path = ViewController.m; sourceTree = "<group>"; };
		39DABBAE21BD1784002653EE /* Base */ = {isa = PBXFileReference; lastKnownFileType = file.storyboard; name = Base; path = Base.lproj/Main.storyboard; sourceTree = "<group>"; };
		39DABBB021BD1786002653EE /* Assets.xcassets */ = {isa = PBXFileReference; lastKnownFileType = folder.assetcatalog; path = Assets.xcassets; sourceTree = "<group>"; };
		39DABBB321BD1786002653EE /* Base */ = {isa = PBXFileReference; lastKnownFileType = file.storyboard; name = Base; path = Base.lproj/LaunchScreen.storyboard; sourceTree = "<group>"; };
		39DABBB521BD1786002653EE /* Info.plist */ = {isa = PBXFileReference; lastKnownFileType = text.plist.xml; path = Info.plist; sourceTree = "<group>"; };
		39DABBB621BD1786002653EE /* main.m */ = {isa = PBXFileReference; lastKnownFileType = sourcecode.c.objc; path = main.m; sourceTree = "<group>"; };
/* End PBXFileReference section */

/* Begin PBXFrameworksBuildPhase section */
		39DABBA121BD1784002653EE /* Frameworks */ = {
			isa = PBXFrameworksBuildPhase;
			buildActionMask = 2147483647;
			files = (
			);
			runOnlyForDeploymentPostprocessing = 0;
		};
/* End PBXFrameworksBuildPhase section */

/* Begin PBXGroup section */
		39DABB9B21BD1784002653EE = {
			isa = PBXGroup;
			children = (
				39DABBA621BD1784002653EE /* PermissionsTest */,
				39DABBA521BD1784002653EE /* Products */,
			);
			sourceTree = "<group>";
		};
		39DABBA521BD1784002653EE /* Products */ = {
			isa = PBXGroup;
			children = (
				39DABBA421BD1784002653EE /* PermissionsTest.app */,
			);
			name = Products;
			sourceTree = "<group>";
		};
		39DABBA621BD1784002653EE /* PermissionsTest */ = {
			isa = PBXGroup;
			children = (
				39DABBA721BD1784002653EE /* AppDelegate.h */,
				39DABBA821BD1784002653EE /* AppDelegate.m */,
				39DABBAA21BD1784002653EE /* ViewController.h */,
				39DABBAB21BD1784002653EE /* ViewController.m */,
				39DABBAD21BD1784002653EE /* Main.storyboard */,
				39DABBB021BD1786002653EE /* Assets.xcassets */,
				39DABBB221BD1786002653EE /* LaunchScreen.storyboard */,
				39DABBB521BD1786002653EE /* Info.plist */,
				39DABBB621BD1786002653EE /* main.m */,
			);
			path = PermissionsTest;
			sourceTree = "<group>";
		};
/* End PBXGroup section */

/* Begin PBXNativeTarget section */
		39DABBA321BD1784002653EE /* PermissionsTest */ = {
			isa = PBXNativeTarget;
			buildConfigurationList = 39DABBBA21BD1786002653EE /* Build configuration list for PBXNativeTarget "PermissionsTest" */;
			buildPhases = (
				39DABBA021BD1784002653EE /* Sources */,
				39DABBA121BD1784002653EE /* Frameworks */,
				39DABBA221BD1784002653EE /* Resources */,
				39DABBBD21BD1D71002653EE /* AppleSimUtils */,
			);
			buildRules = (
			);
			dependencies = (
			);
			name = PermissionsTest;
			productName = PermissionsTest;
			productReference = 39DABBA421BD1784002653EE /* PermissionsTest.app */;
			productType = "com.apple.product-type.application";
		};
/* End PBXNativeTarget section */

/* Begin PBXProject section */
		39DABB9C21BD1784002653EE /* Project object */ = {
			isa = PBXProject;
			attributes = {
				LastUpgradeCheck = 1010;
				ORGANIZATIONNAME = "Leo Natan";
				TargetAttributes = {
					39DABBA321BD1784002653EE = {
						CreatedOnToolsVersion = 10.1;
					};
				};
			};
			buildConfigurationList = 39DABB9F21BD1784002653EE /* Build configuration list for PBXProject "PermissionsTest" */;
			compatibilityVersion = "Xcode 9.3";
			developmentRegion = en;
			hasScannedForEncodings = 0;
			knownRegions = (
				en,
				Base,
			);
			mainGroup = 39DABB9B21BD1784002653EE;
			productRefGroup = 39DABBA521BD1784002653EE /* Products */;
			projectDirPath = "";
			projectRoot = "";
			targets = (
				39DABBA321BD1784002653EE /* PermissionsTest */,
			);
		};
/* End PBXProject section */

/* Begin PBXResourcesBuildPhase section */
		39DABBA221BD1784002653EE /* Resources */ = {
			isa = PBXResourcesBuildPhase;
			buildActionMask = 2147483647;
			files = (
				39DABBB421BD1786002653EE /* LaunchScreen.storyboard in Resources */,
				39DABBB121BD1786002653EE /* Assets.xcassets in Resources */,
				39DABBAF21BD1784002653EE /* Main.storyboard in Resources */,
			);
			runOnlyForDeploymentPostprocessing = 0;
		};
/* End PBXResourcesBuildPhase section */

/* Begin PBXShellScriptBuildPhase section */
		39DABBBD21BD1D71002653EE /* AppleSimUtils */ = {
			isa = PBXShellScriptBuildPhase;
			buildActionMask = 2147483647;
			files = (
			);
			inputFileListPaths = (
			);
			inputPaths = (
			);
			name = AppleSimUtils;
			outputFileListPaths = (
			);
			outputPaths = (
			);
			runOnlyForDeploymentPostprocessing = 0;
			shellPath = "/bin/sh -e";
			shellScript = "# applesimutils --byId \"${TARGET_DEVICE_IDENTIFIER}\" --setPermissions \"calendar=YES,location=inuse,notifications=YES\" --bundle com.wix.PermissionsTest\n";
		};
/* End PBXShellScriptBuildPhase section */

/* Begin PBXSourcesBuildPhase section */
		39DABBA021BD1784002653EE /* Sources */ = {
			isa = PBXSourcesBuildPhase;
			buildActionMask = 2147483647;
			files = (
				39DABBAC21BD1784002653EE /* ViewController.m in Sources */,
				39DABBB721BD1786002653EE /* main.m in Sources */,
				39DABBA921BD1784002653EE /* AppDelegate.m in Sources */,
			);
			runOnlyForDeploymentPostprocessing = 0;
		};
/* End PBXSourcesBuildPhase section */

/* Begin PBXVariantGroup section */
		39DABBAD21BD1784002653EE /* Main.storyboard */ = {
			isa = PBXVariantGroup;
			children = (
				39DABBAE21BD1784002653EE /* Base */,
			);
			name = Main.storyboard;
			sourceTree = "<group>";
		};
		39DABBB221BD1786002653EE /* LaunchScreen.storyboard */ = {
			isa = PBXVariantGroup;
			children = (
				39DABBB321BD1786002653EE /* Base */,
			);
			name = LaunchScreen.storyboard;
			sourceTree = "<group>";
		};
/* End PBXVariantGroup section */

/* Begin XCBuildConfiguration section */
		39DABBB821BD1786002653EE /* Debug */ = {
			isa = XCBuildConfiguration;
			buildSettings = {
				ALWAYS_SEARCH_USER_PATHS = NO;
				CLANG_ANALYZER_NONNULL = YES;
				CLANG_ANALYZER_NUMBER_OBJECT_CONVERSION = YES_AGGRESSIVE;
				CLANG_CXX_LANGUAGE_STANDARD = "gnu++14";
				CLANG_CXX_LIBRARY = "libc++";
				CLANG_ENABLE_MODULES = YES;
				CLANG_ENABLE_OBJC_ARC = YES;
				CLANG_ENABLE_OBJC_WEAK = YES;
				CLANG_WARN_BLOCK_CAPTURE_AUTORELEASING = YES;
				CLANG_WARN_BOOL_CONVERSION = YES;
				CLANG_WARN_COMMA = YES;
				CLANG_WARN_CONSTANT_CONVERSION = YES;
				CLANG_WARN_DEPRECATED_OBJC_IMPLEMENTATIONS = YES;
				CLANG_WARN_DIRECT_OBJC_ISA_USAGE = YES_ERROR;
				CLANG_WARN_DOCUMENTATION_COMMENTS = YES;
				CLANG_WARN_EMPTY_BODY = YES;
				CLANG_WARN_ENUM_CONVERSION = YES;
				CLANG_WARN_INFINITE_RECURSION = YES;
				CLANG_WARN_INT_CONVERSION = YES;
				CLANG_WARN_NON_LITERAL_NULL_CONVERSION = YES;
				CLANG_WARN_OBJC_IMPLICIT_RETAIN_SELF = YES;
				CLANG_WARN_OBJC_LITERAL_CONVERSION = YES;
				CLANG_WARN_OBJC_ROOT_CLASS = YES_ERROR;
				CLANG_WARN_RANGE_LOOP_ANALYSIS = YES;
				CLANG_WARN_STRICT_PROTOTYPES = YES;
				CLANG_WARN_SUSPICIOUS_MOVE = YES;
				CLANG_WARN_UNGUARDED_AVAILABILITY = YES_AGGRESSIVE;
				CLANG_WARN_UNREACHABLE_CODE = YES;
				CLANG_WARN__DUPLICATE_METHOD_MATCH = YES;
				CODE_SIGN_IDENTITY = "iPhone Developer";
				COPY_PHASE_STRIP = NO;
				DEBUG_INFORMATION_FORMAT = dwarf;
				ENABLE_STRICT_OBJC_MSGSEND = YES;
				ENABLE_TESTABILITY = YES;
				GCC_C_LANGUAGE_STANDARD = gnu11;
				GCC_DYNAMIC_NO_PIC = NO;
				GCC_NO_COMMON_BLOCKS = YES;
				GCC_OPTIMIZATION_LEVEL = 0;
				GCC_PREPROCESSOR_DEFINITIONS = (
					"DEBUG=1",
					"$(inherited)",
				);
				GCC_WARN_64_TO_32_BIT_CONVERSION = YES;
				GCC_WARN_ABOUT_RETURN_TYPE = YES_ERROR;
				GCC_WARN_UNDECLARED_SELECTOR = YES;
				GCC_WARN_UNINITIALIZED_AUTOS = YES_AGGRESSIVE;
				GCC_WARN_UNUSED_FUNCTION = YES;
				GCC_WARN_UNUSED_VARIABLE = YES;
				IPHONEOS_DEPLOYMENT_TARGET = 12.1;
				MTL_ENABLE_DEBUG_INFO = INCLUDE_SOURCE;
				MTL_FAST_MATH = YES;
				ONLY_ACTIVE_ARCH = YES;
				SDKROOT = iphoneos;
			};
			name = Debug;
		};
		39DABBB921BD1786002653EE /* Release */ = {
			isa = XCBuildConfiguration;
			buildSettings = {
				ALWAYS_SEARCH_USER_PATHS = NO;
				CLANG_ANALYZER_NONNULL = YES;
				CLANG_ANALYZER_NUMBER_OBJECT_CONVERSION = YES_AGGRESSIVE;
				CLANG_CXX_LANGUAGE_STANDARD = "gnu++14";
				CLANG_CXX_LIBRARY = "libc++";
				CLANG_ENABLE_MODULES = YES;
				CLANG_ENABLE_OBJC_ARC = YES;
				CLANG_ENABLE_OBJC_WEAK = YES;
				CLANG_WARN_BLOCK_CAPTURE_AUTORELEASING = YES;
				CLANG_WARN_BOOL_CONVERSION = YES;
				CLANG_WARN_COMMA = YES;
				CLANG_WARN_CONSTANT_CONVERSION = YES;
				CLANG_WARN_DEPRECATED_OBJC_IMPLEMENTATIONS = YES;
				CLANG_WARN_DIRECT_OBJC_ISA_USAGE = YES_ERROR;
				CLANG_WARN_DOCUMENTATION_COMMENTS = YES;
				CLANG_WARN_EMPTY_BODY = YES;
				CLANG_WARN_ENUM_CONVERSION = YES;
				CLANG_WARN_INFINITE_RECURSION = YES;
				CLANG_WARN_INT_CONVERSION = YES;
				CLANG_WARN_NON_LITERAL_NULL_CONVERSION = YES;
				CLANG_WARN_OBJC_IMPLICIT_RETAIN_SELF = YES;
				CLANG_WARN_OBJC_LITERAL_CONVERSION = YES;
				CLANG_WARN_OBJC_ROOT_CLASS = YES_ERROR;
				CLANG_WARN_RANGE_LOOP_ANALYSIS = YES;
				CLANG_WARN_STRICT_PROTOTYPES = YES;
				CLANG_WARN_SUSPICIOUS_MOVE = YES;
				CLANG_WARN_UNGUARDED_AVAILABILITY = YES_AGGRESSIVE;
				CLANG_WARN_UNREACHABLE_CODE = YES;
				CLANG_WARN__DUPLICATE_METHOD_MATCH = YES;
				CODE_SIGN_IDENTITY = "iPhone Developer";
				COPY_PHASE_STRIP = NO;
				DEBUG_INFORMATION_FORMAT = "dwarf-with-dsym";
				ENABLE_NS_ASSERTIONS = NO;
				ENABLE_STRICT_OBJC_MSGSEND = YES;
				GCC_C_LANGUAGE_STANDARD = gnu11;
				GCC_NO_COMMON_BLOCKS = YES;
				GCC_WARN_64_TO_32_BIT_CONVERSION = YES;
				GCC_WARN_ABOUT_RETURN_TYPE = YES_ERROR;
				GCC_WARN_UNDECLARED_SELECTOR = YES;
				GCC_WARN_UNINITIALIZED_AUTOS = YES_AGGRESSIVE;
				GCC_WARN_UNUSED_FUNCTION = YES;
				GCC_WARN_UNUSED_VARIABLE = YES;
				IPHONEOS_DEPLOYMENT_TARGET = 12.1;
				MTL_ENABLE_DEBUG_INFO = NO;
				MTL_FAST_MATH = YES;
				SDKROOT = iphoneos;
				VALIDATE_PRODUCT = YES;
			};
			name = Release;
		};
		39DABBBB21BD1786002653EE /* Debug */ = {
			isa = XCBuildConfiguration;
			buildSettings = {
				ASSETCATALOG_COMPILER_APPICON_NAME = AppIcon;
				CODE_SIGN_STYLE = Automatic;
				DEVELOPMENT_TEAM = S9QFG2VH2E;
				INFOPLIST_FILE = PermissionsTest/Info.plist;
				LD_RUNPATH_SEARCH_PATHS = (
					"$(inherited)",
					"@executable_path/Frameworks",
				);
				PRODUCT_BUNDLE_IDENTIFIER = com.wix.PermissionsTest;
				PRODUCT_NAME = "$(TARGET_NAME)";
				TARGETED_DEVICE_FAMILY = "1,2";
			};
			name = Debug;
		};
		39DABBBC21BD1786002653EE /* Release */ = {
			isa = XCBuildConfiguration;
			buildSettings = {
				ASSETCATALOG_COMPILER_APPICON_NAME = AppIcon;
				CODE_SIGN_STYLE = Automatic;
				DEVELOPMENT_TEAM = S9QFG2VH2E;
				INFOPLIST_FILE = PermissionsTest/Info.plist;
				LD_RUNPATH_SEARCH_PATHS = (
					"$(inherited)",
					"@executable_path/Frameworks",
				);
				PRODUCT_BUNDLE_IDENTIFIER = com.wix.PermissionsTest;
				PRODUCT_NAME = "$(TARGET_NAME)";
				TARGETED_DEVICE_FAMILY = "1,2";
			};
			name = Release;
		};
/* End XCBuildConfiguration section */

/* Begin XCConfigurationList section */
		39DABB9F21BD1784002653EE /* Build configuration list for PBXProject "PermissionsTest" */ = {
			isa = XCConfigurationList;
			buildConfigurations = (
				39DABBB821BD1786002653EE /* Debug */,
				39DABBB921BD1786002653EE /* Release */,
			);
			defaultConfigurationIsVisible = 0;
			defaultConfigurationName = Release;
		};
		39DABBBA21BD1786002653EE /* Build configuration list for PBXNativeTarget "PermissionsTest" */ = {
			isa = XCConfigurationList;
			buildConfigurations = (
				39DABBBB21BD1786002653EE /* Debug */,
				39DABBBC21BD1786002653EE /* Release */,
			);
			defaultConfigurationIsVisible = 0;
			defaultConfigurationName = Release;
		};
/* End XCConfigurationList section */
	};
	rootObject = 39DABB9C21BD1784002653EE /* Project object */;
}
